
Microsoft Visual Studio Solution File, Format Version 12.00
# Visual Studio Version 17
VisualStudioVersion = 17.0.32126.317
MinimumVisualStudioVersion = 10.0.40219.1
Project("{2150E333-8FDC-42A3-9474-1A3956D46DE8}") = "1. UI", "1. UI", "{C3B3B897-CB3D-4589-9A6C-4D2782A352D4}"
EndProject
Project("{2150E333-8FDC-42A3-9474-1A3956D46DE8}") = "2. APPLICATION", "2. APPLICATION", "{ACE51F6E-862A-4312-902C-0AC3372F4EF0}"
EndProject
Project("{2150E333-8FDC-42A3-9474-1A3956D46DE8}") = "3. INFRASTRUCTURE", "3. INFRASTRUCTURE", "{96D47E4A-A5A0-4533-A35E-B78EE9FFC3C7}"
EndProject
Project("{2150E333-8FDC-42A3-9474-1A3956D46DE8}") = "4. CROSS CUTTING", "4. CROSS CUTTING", "{7E7816EF-D025-4EC2-BF7D-D08C9E215A36}"
EndProject
Project("{2150E333-8FDC-42A3-9474-1A3956D46DE8}") = "1. REPOSITORY", "1. REPOSITORY", "{EEB85F8A-8834-4088-A246-FB11C4B8F69B}"
EndProject
Project("{2150E333-8FDC-42A3-9474-1A3956D46DE8}") = "2. SERVICE", "2. SERVICE", "{F5B68D7A-035E-486B-9F25-B9E348E8E18A}"
EndProject
Project("{2150E333-8FDC-42A3-9474-1A3956D46DE8}") = "3. QUERY", "3. QUERY", "{0C0C5FE8-FCE0-4D7B-B8BC-1ECFF2D468D4}"
EndProject
Project("{2150E333-8FDC-42A3-9474-1A3956D46DE8}") = "1. WEB", "1. WEB", "{C8CB255A-2D36-41B3-85A6-BE5AC976E475}"
EndProject
Project("{9A19103F-16F7-4668-BE54-9A1E7A4F7556}") = "FRIO.MAR.INFRA.REPOSITORY.SQLSERVER", "FRIO.MAR.INFRA.REPOSITORY.SQLSERVER\FRIO.MAR.INFRA.REPOSITORY.SQLSERVER.csproj", "{3436359D-7DC4-4D06-BDEA-C55288E95FE3}"
EndProject
Project("{9A19103F-16F7-4668-BE54-9A1E7A4F7556}") = "FRIO.MAR.APPLICATION.CORE", "FRIO.MAR.APPLICATION.CORE\FRIO.MAR.APPLICATION.CORE.csproj", "{4FF973FD-82D4-462A-9BB0-50735F1CEDCA}"
EndProject
Project("{9A19103F-16F7-4668-BE54-9A1E7A4F7556}") = "FRIO.MAR.CROSSCUTTING.LOG", "FRIO.MAR.CROSSCUTTING.LOG\FRIO.MAR.CROSSCUTTING.LOG.csproj", "{9F7BB7A8-1C74-4172-8CD1-03106545149F}"
EndProject
Project("{9A19103F-16F7-4668-BE54-9A1E7A4F7556}") = "FRIO.MAR.CROSSCUTTING", "FRIO.MAR.CROSSCUTTING\FRIO.MAR.CROSSCUTTING.csproj", "{615CFB06-E8A9-4F29-947D-871196097F55}"
EndProject
Project("{9A19103F-16F7-4668-BE54-9A1E7A4F7556}") = "FRIO.MAR.UI.WEB.SITE", "FRIO.MAR.UI.WEB.SITE\FRIO.MAR.UI.WEB.SITE.csproj", "{D94BBC1F-DD80-45B4-977D-39FF8234583E}"
EndProject
Project("{9A19103F-16F7-4668-BE54-9A1E7A4F7556}") = "FRIO.MAR.INFRA.SERVICE.MAIL", "FRIO.MAR.INFRA.SERVICE.MAIL\FRIO.MAR.INFRA.SERVICE.MAIL.csproj", "{94A54303-18B0-4EE1-B0A1-D3907ABFD985}"
EndProject
Project("{FAE04EC0-301F-11D3-BF4B-00C04F79EFBC}") = "FRIO.MAR.INFRA.SERVICE.STORAGE", "FRIO.MAR.INFRA.SERVICE.STORAGE\FRIO.MAR.INFRA.SERVICE.STORAGE.csproj", "{49C2073C-9CA5-417B-BE3A-F1CAC0EA9436}"
EndProject
Global
	GlobalSection(SolutionConfigurationPlatforms) = preSolution
		Debug|Any CPU = Debug|Any CPU
		Release|Any CPU = Release|Any CPU
	EndGlobalSection
	GlobalSection(ProjectConfigurationPlatforms) = postSolution
		{3436359D-7DC4-4D06-BDEA-C55288E95FE3}.Debug|Any CPU.ActiveCfg = Debug|Any CPU
		{3436359D-7DC4-4D06-BDEA-C55288E95FE3}.Debug|Any CPU.Build.0 = Debug|Any CPU
		{3436359D-7DC4-4D06-BDEA-C55288E95FE3}.Release|Any CPU.ActiveCfg = Release|Any CPU
		{3436359D-7DC4-4D06-BDEA-C55288E95FE3}.Release|Any CPU.Build.0 = Release|Any CPU
		{4FF973FD-82D4-462A-9BB0-50735F1CEDCA}.Debug|Any CPU.ActiveCfg = Debug|Any CPU
		{4FF973FD-82D4-462A-9BB0-50735F1CEDCA}.Debug|Any CPU.Build.0 = Debug|Any CPU
		{4FF973FD-82D4-462A-9BB0-50735F1CEDCA}.Release|Any CPU.ActiveCfg = Release|Any CPU
		{4FF973FD-82D4-462A-9BB0-50735F1CEDCA}.Release|Any CPU.Build.0 = Release|Any CPU
		{9F7BB7A8-1C74-4172-8CD1-03106545149F}.Debug|Any CPU.ActiveCfg = Debug|Any CPU
		{9F7BB7A8-1C74-4172-8CD1-03106545149F}.Debug|Any CPU.Build.0 = Debug|Any CPU
		{9F7BB7A8-1C74-4172-8CD1-03106545149F}.Release|Any CPU.ActiveCfg = Release|Any CPU
		{9F7BB7A8-1C74-4172-8CD1-03106545149F}.Release|Any CPU.Build.0 = Release|Any CPU
		{615CFB06-E8A9-4F29-947D-871196097F55}.Debug|Any CPU.ActiveCfg = Debug|Any CPU
		{615CFB06-E8A9-4F29-947D-871196097F55}.Debug|Any CPU.Build.0 = Debug|Any CPU
		{615CFB06-E8A9-4F29-947D-871196097F55}.Release|Any CPU.ActiveCfg = Release|Any CPU
		{615CFB06-E8A9-4F29-947D-871196097F55}.Release|Any CPU.Build.0 = Release|Any CPU
		{D94BBC1F-DD80-45B4-977D-39FF8234583E}.Debug|Any CPU.ActiveCfg = Debug|Any CPU
		{D94BBC1F-DD80-45B4-977D-39FF8234583E}.Debug|Any CPU.Build.0 = Debug|Any CPU
		{D94BBC1F-DD80-45B4-977D-39FF8234583E}.Release|Any CPU.ActiveCfg = Release|Any CPU
		{D94BBC1F-DD80-45B4-977D-39FF8234583E}.Release|Any CPU.Build.0 = Release|Any CPU
		{94A54303-18B0-4EE1-B0A1-D3907ABFD985}.Debug|Any CPU.ActiveCfg = Debug|Any CPU
		{94A54303-18B0-4EE1-B0A1-D3907ABFD985}.Debug|Any CPU.Build.0 = Debug|Any CPU
		{94A54303-18B0-4EE1-B0A1-D3907ABFD985}.Release|Any CPU.ActiveCfg = Release|Any CPU
		{94A54303-18B0-4EE1-B0A1-D3907ABFD985}.Release|Any CPU.Build.0 = Release|Any CPU
		{49C2073C-9CA5-417B-BE3A-F1CAC0EA9436}.Debug|Any CPU.ActiveCfg = Debug|Any CPU
		{49C2073C-9CA5-417B-BE3A-F1CAC0EA9436}.Debug|Any CPU.Build.0 = Debug|Any CPU
		{49C2073C-9CA5-417B-BE3A-F1CAC0EA9436}.Release|Any CPU.ActiveCfg = Release|Any CPU
		{49C2073C-9CA5-417B-BE3A-F1CAC0EA9436}.Release|Any CPU.Build.0 = Release|Any CPU
	EndGlobalSection
	GlobalSection(SolutionProperties) = preSolution
		HideSolutionNode = FALSE
	EndGlobalSection
	GlobalSection(NestedProjects) = preSolution
		{EEB85F8A-8834-4088-A246-FB11C4B8F69B} = {96D47E4A-A5A0-4533-A35E-B78EE9FFC3C7}
		{F5B68D7A-035E-486B-9F25-B9E348E8E18A} = {96D47E4A-A5A0-4533-A35E-B78EE9FFC3C7}
		{0C0C5FE8-FCE0-4D7B-B8BC-1ECFF2D468D4} = {96D47E4A-A5A0-4533-A35E-B78EE9FFC3C7}
		{C8CB255A-2D36-41B3-85A6-BE5AC976E475} = {C3B3B897-CB3D-4589-9A6C-4D2782A352D4}
		{3436359D-7DC4-4D06-BDEA-C55288E95FE3} = {EEB85F8A-8834-4088-A246-FB11C4B8F69B}
		{4FF973FD-82D4-462A-9BB0-50735F1CEDCA} = {ACE51F6E-862A-4312-902C-0AC3372F4EF0}
		{9F7BB7A8-1C74-4172-8CD1-03106545149F} = {7E7816EF-D025-4EC2-BF7D-D08C9E215A36}
		{615CFB06-E8A9-4F29-947D-871196097F55} = {7E7816EF-D025-4EC2-BF7D-D08C9E215A36}
		{D94BBC1F-DD80-45B4-977D-39FF8234583E} = {C8CB255A-2D36-41B3-85A6-BE5AC976E475}
		{94A54303-18B0-4EE1-B0A1-D3907ABFD985} = {F5B68D7A-035E-486B-9F25-B9E348E8E18A}
		{49C2073C-9CA5-417B-BE3A-F1CAC0EA9436} = {F5B68D7A-035E-486B-9F25-B9E348E8E18A}
	EndGlobalSection
	GlobalSection(ExtensibilityGlobals) = postSolution
		SolutionGuid = {C255C52E-E2DE-4267-9245-4C84600ACE49}
	EndGlobalSection
EndGlobal
